
Microsoft Visual Studio Solution File, Format Version 12.00
# Visual Studio 2015
Project("{FAE04EC0-301F-11D3-BF4B-00C04F79EFBC}") = "ProjetV2.CSharp", "ProjetV2.CSharp.csproj", "{0946114E-3D68-E698-782B-C80AD530A1F4}"
EndProject
Project("{FAE04EC0-301F-11D3-BF4B-00C04F79EFBC}") = "ProjetV2.CSharp.Editor", "ProjetV2.CSharp.Editor.csproj", "{57420D1F-6063-AD65-4F7F-2015F20A25D6}"
EndProject
Global
	GlobalSection(SolutionConfigurationPlatforms) = preSolution
		Debug|Any CPU = Debug|Any CPU
		Release|Any CPU = Release|Any CPU
	EndGlobalSection
	GlobalSection(ProjectConfigurationPlatforms) = postSolution
		{0946114E-3D68-E698-782B-C80AD530A1F4}.Debug|Any CPU.ActiveCfg = Debug|Any CPU
		{0946114E-3D68-E698-782B-C80AD530A1F4}.Debug|Any CPU.Build.0 = Debug|Any CPU
		{0946114E-3D68-E698-782B-C80AD530A1F4}.Release|Any CPU.ActiveCfg = Release|Any CPU
		{0946114E-3D68-E698-782B-C80AD530A1F4}.Release|Any CPU.Build.0 = Release|Any CPU
		{57420D1F-6063-AD65-4F7F-2015F20A25D6}.Debug|Any CPU.ActiveCfg = Debug|Any CPU
		{57420D1F-6063-AD65-4F7F-2015F20A25D6}.Debug|Any CPU.Build.0 = Debug|Any CPU
		{57420D1F-6063-AD65-4F7F-2015F20A25D6}.Release|Any CPU.ActiveCfg = Release|Any CPU
		{57420D1F-6063-AD65-4F7F-2015F20A25D6}.Release|Any CPU.Build.0 = Release|Any CPU
	EndGlobalSection
	GlobalSection(SolutionProperties) = preSolution
		HideSolutionNode = FALSE
	EndGlobalSection
EndGlobal
